
Microsoft Visual Studio Solution File, Format Version 12.00
# Visual Studio 2013
VisualStudioVersion = 12.0.31101.0
MinimumVisualStudioVersion = 10.0.40219.1
Project("{FAE04EC0-301F-11D3-BF4B-00C04F79EFBC}") = "SmartTiles", "SmartTiles\SmartTiles\SmartTiles.csproj", "{E71D53F3-B55E-43B5-A34A-A6E2B9B7710F}"
EndProject
Project("{FAE04EC0-301F-11D3-BF4B-00C04F79EFBC}") = "SmartTiles.iOS", "SmartTiles\SmartTiles.iOS\SmartTiles.iOS.csproj", "{1F95ED54-A264-469F-B5B1-B848455CD12D}"
EndProject
Project("{FAE04EC0-301F-11D3-BF4B-00C04F79EFBC}") = "SmartTiles.Droid", "SmartTiles\SmartTiles.Droid\SmartTiles.Droid.csproj", "{0EC75199-725B-4B20-B180-DF8B546E4028}"
EndProject
Project("{FAE04EC0-301F-11D3-BF4B-00C04F79EFBC}") = "SmartTiles.WinPhone", "SmartTiles\SmartTiles.WinPhone\SmartTiles.WinPhone.csproj", "{05C5EE07-15A9-4EEA-90F1-B44038DBC54A}"
EndProject
Global
	GlobalSection(SolutionConfigurationPlatforms) = preSolution
		Ad-Hoc|Any CPU = Ad-Hoc|Any CPU
		Ad-Hoc|ARM = Ad-Hoc|ARM
		Ad-Hoc|iPhone = Ad-Hoc|iPhone
		Ad-Hoc|iPhoneSimulator = Ad-Hoc|iPhoneSimulator
		Ad-Hoc|Mixed Platforms = Ad-Hoc|Mixed Platforms
		Ad-Hoc|x86 = Ad-Hoc|x86
		AppStore|Any CPU = AppStore|Any CPU
		AppStore|ARM = AppStore|ARM
		AppStore|iPhone = AppStore|iPhone
		AppStore|iPhoneSimulator = AppStore|iPhoneSimulator
		AppStore|Mixed Platforms = AppStore|Mixed Platforms
		AppStore|x86 = AppStore|x86
		Debug|Any CPU = Debug|Any CPU
		Debug|ARM = Debug|ARM
		Debug|iPhone = Debug|iPhone
		Debug|iPhoneSimulator = Debug|iPhoneSimulator
		Debug|Mixed Platforms = Debug|Mixed Platforms
		Debug|x86 = Debug|x86
		Release|Any CPU = Release|Any CPU
		Release|ARM = Release|ARM
		Release|iPhone = Release|iPhone
		Release|iPhoneSimulator = Release|iPhoneSimulator
		Release|Mixed Platforms = Release|Mixed Platforms
		Release|x86 = Release|x86
	EndGlobalSection
	GlobalSection(ProjectConfigurationPlatforms) = postSolution
		{E71D53F3-B55E-43B5-A34A-A6E2B9B7710F}.Ad-Hoc|Any CPU.ActiveCfg = Release|Any CPU
		{E71D53F3-B55E-43B5-A34A-A6E2B9B7710F}.Ad-Hoc|Any CPU.Build.0 = Release|Any CPU
		{E71D53F3-B55E-43B5-A34A-A6E2B9B7710F}.Ad-Hoc|ARM.ActiveCfg = Release|Any CPU
		{E71D53F3-B55E-43B5-A34A-A6E2B9B7710F}.Ad-Hoc|iPhone.ActiveCfg = Release|Any CPU
		{E71D53F3-B55E-43B5-A34A-A6E2B9B7710F}.Ad-Hoc|iPhoneSimulator.ActiveCfg = Release|Any CPU
		{E71D53F3-B55E-43B5-A34A-A6E2B9B7710F}.Ad-Hoc|Mixed Platforms.ActiveCfg = Release|Any CPU
		{E71D53F3-B55E-43B5-A34A-A6E2B9B7710F}.Ad-Hoc|Mixed Platforms.Build.0 = Release|Any CPU
		{E71D53F3-B55E-43B5-A34A-A6E2B9B7710F}.Ad-Hoc|x86.ActiveCfg = Release|Any CPU
		{E71D53F3-B55E-43B5-A34A-A6E2B9B7710F}.AppStore|Any CPU.ActiveCfg = Release|Any CPU
		{E71D53F3-B55E-43B5-A34A-A6E2B9B7710F}.AppStore|Any CPU.Build.0 = Release|Any CPU
		{E71D53F3-B55E-43B5-A34A-A6E2B9B7710F}.AppStore|ARM.ActiveCfg = Release|Any CPU
		{E71D53F3-B55E-43B5-A34A-A6E2B9B7710F}.AppStore|iPhone.ActiveCfg = Release|Any CPU
		{E71D53F3-B55E-43B5-A34A-A6E2B9B7710F}.AppStore|iPhoneSimulator.ActiveCfg = Release|Any CPU
		{E71D53F3-B55E-43B5-A34A-A6E2B9B7710F}.AppStore|Mixed Platforms.ActiveCfg = Release|Any CPU
		{E71D53F3-B55E-43B5-A34A-A6E2B9B7710F}.AppStore|Mixed Platforms.Build.0 = Release|Any CPU
		{E71D53F3-B55E-43B5-A34A-A6E2B9B7710F}.AppStore|x86.ActiveCfg = Release|Any CPU
		{E71D53F3-B55E-43B5-A34A-A6E2B9B7710F}.Debug|Any CPU.ActiveCfg = Debug|Any CPU
		{E71D53F3-B55E-43B5-A34A-A6E2B9B7710F}.Debug|Any CPU.Build.0 = Debug|Any CPU
		{E71D53F3-B55E-43B5-A34A-A6E2B9B7710F}.Debug|ARM.ActiveCfg = Debug|Any CPU
		{E71D53F3-B55E-43B5-A34A-A6E2B9B7710F}.Debug|iPhone.ActiveCfg = Debug|Any CPU
		{E71D53F3-B55E-43B5-A34A-A6E2B9B7710F}.Debug|iPhoneSimulator.ActiveCfg = Debug|Any CPU
		{E71D53F3-B55E-43B5-A34A-A6E2B9B7710F}.Debug|Mixed Platforms.ActiveCfg = Debug|Any CPU
		{E71D53F3-B55E-43B5-A34A-A6E2B9B7710F}.Debug|Mixed Platforms.Build.0 = Debug|Any CPU
		{E71D53F3-B55E-43B5-A34A-A6E2B9B7710F}.Debug|x86.ActiveCfg = Debug|Any CPU
		{E71D53F3-B55E-43B5-A34A-A6E2B9B7710F}.Release|Any CPU.ActiveCfg = Release|Any CPU
		{E71D53F3-B55E-43B5-A34A-A6E2B9B7710F}.Release|Any CPU.Build.0 = Release|Any CPU
		{E71D53F3-B55E-43B5-A34A-A6E2B9B7710F}.Release|ARM.ActiveCfg = Release|Any CPU
		{E71D53F3-B55E-43B5-A34A-A6E2B9B7710F}.Release|iPhone.ActiveCfg = Release|Any CPU
		{E71D53F3-B55E-43B5-A34A-A6E2B9B7710F}.Release|iPhoneSimulator.ActiveCfg = Release|Any CPU
		{E71D53F3-B55E-43B5-A34A-A6E2B9B7710F}.Release|Mixed Platforms.ActiveCfg = Release|Any CPU
		{E71D53F3-B55E-43B5-A34A-A6E2B9B7710F}.Release|Mixed Platforms.Build.0 = Release|Any CPU
		{E71D53F3-B55E-43B5-A34A-A6E2B9B7710F}.Release|x86.ActiveCfg = Release|Any CPU
		{1F95ED54-A264-469F-B5B1-B848455CD12D}.Ad-Hoc|Any CPU.ActiveCfg = Ad-Hoc|iPhone
		{1F95ED54-A264-469F-B5B1-B848455CD12D}.Ad-Hoc|ARM.ActiveCfg = Ad-Hoc|iPhone
		{1F95ED54-A264-469F-B5B1-B848455CD12D}.Ad-Hoc|iPhone.ActiveCfg = Ad-Hoc|iPhone
		{1F95ED54-A264-469F-B5B1-B848455CD12D}.Ad-Hoc|iPhone.Build.0 = Ad-Hoc|iPhone
		{1F95ED54-A264-469F-B5B1-B848455CD12D}.Ad-Hoc|iPhoneSimulator.ActiveCfg = Ad-Hoc|iPhoneSimulator
		{1F95ED54-A264-469F-B5B1-B848455CD12D}.Ad-Hoc|iPhoneSimulator.Build.0 = Ad-Hoc|iPhoneSimulator
		{1F95ED54-A264-469F-B5B1-B848455CD12D}.Ad-Hoc|Mixed Platforms.ActiveCfg = Ad-Hoc|iPhone
		{1F95ED54-A264-469F-B5B1-B848455CD12D}.Ad-Hoc|Mixed Platforms.Build.0 = Ad-Hoc|iPhone
		{1F95ED54-A264-469F-B5B1-B848455CD12D}.Ad-Hoc|x86.ActiveCfg = Ad-Hoc|iPhone
		{1F95ED54-A264-469F-B5B1-B848455CD12D}.AppStore|Any CPU.ActiveCfg = AppStore|iPhone
		{1F95ED54-A264-469F-B5B1-B848455CD12D}.AppStore|ARM.ActiveCfg = AppStore|iPhone
		{1F95ED54-A264-469F-B5B1-B848455CD12D}.AppStore|iPhone.ActiveCfg = AppStore|iPhone
		{1F95ED54-A264-469F-B5B1-B848455CD12D}.AppStore|iPhone.Build.0 = AppStore|iPhone
		{1F95ED54-A264-469F-B5B1-B848455CD12D}.AppStore|iPhoneSimulator.ActiveCfg = AppStore|iPhoneSimulator
		{1F95ED54-A264-469F-B5B1-B848455CD12D}.AppStore|iPhoneSimulator.Build.0 = AppStore|iPhoneSimulator
		{1F95ED54-A264-469F-B5B1-B848455CD12D}.AppStore|Mixed Platforms.ActiveCfg = AppStore|iPhone
		{1F95ED54-A264-469F-B5B1-B848455CD12D}.AppStore|Mixed Platforms.Build.0 = AppStore|iPhone
		{1F95ED54-A264-469F-B5B1-B848455CD12D}.AppStore|x86.ActiveCfg = AppStore|iPhone
		{1F95ED54-A264-469F-B5B1-B848455CD12D}.Debug|Any CPU.ActiveCfg = Debug|iPhone
		{1F95ED54-A264-469F-B5B1-B848455CD12D}.Debug|ARM.ActiveCfg = Debug|iPhone
		{1F95ED54-A264-469F-B5B1-B848455CD12D}.Debug|iPhone.ActiveCfg = Debug|iPhone
		{1F95ED54-A264-469F-B5B1-B848455CD12D}.Debug|iPhone.Build.0 = Debug|iPhone
		{1F95ED54-A264-469F-B5B1-B848455CD12D}.Debug|iPhoneSimulator.ActiveCfg = Debug|iPhoneSimulator
		{1F95ED54-A264-469F-B5B1-B848455CD12D}.Debug|iPhoneSimulator.Build.0 = Debug|iPhoneSimulator
		{1F95ED54-A264-469F-B5B1-B848455CD12D}.Debug|Mixed Platforms.ActiveCfg = Debug|iPhone
		{1F95ED54-A264-469F-B5B1-B848455CD12D}.Debug|Mixed Platforms.Build.0 = Debug|iPhone
		{1F95ED54-A264-469F-B5B1-B848455CD12D}.Debug|x86.ActiveCfg = Debug|iPhone
		{1F95ED54-A264-469F-B5B1-B848455CD12D}.Release|Any CPU.ActiveCfg = Release|iPhone
		{1F95ED54-A264-469F-B5B1-B848455CD12D}.Release|ARM.ActiveCfg = Release|iPhone
		{1F95ED54-A264-469F-B5B1-B848455CD12D}.Release|iPhone.ActiveCfg = Release|iPhone
		{1F95ED54-A264-469F-B5B1-B848455CD12D}.Release|iPhone.Build.0 = Release|iPhone
		{1F95ED54-A264-469F-B5B1-B848455CD12D}.Release|iPhoneSimulator.ActiveCfg = Release|iPhoneSimulator
		{1F95ED54-A264-469F-B5B1-B848455CD12D}.Release|iPhoneSimulator.Build.0 = Release|iPhoneSimulator
		{1F95ED54-A264-469F-B5B1-B848455CD12D}.Release|Mixed Platforms.ActiveCfg = Release|iPhone
		{1F95ED54-A264-469F-B5B1-B848455CD12D}.Release|Mixed Platforms.Build.0 = Release|iPhone
		{1F95ED54-A264-469F-B5B1-B848455CD12D}.Release|x86.ActiveCfg = Release|iPhone
		{0EC75199-725B-4B20-B180-DF8B546E4028}.Ad-Hoc|Any CPU.ActiveCfg = Release|Any CPU
		{0EC75199-725B-4B20-B180-DF8B546E4028}.Ad-Hoc|Any CPU.Build.0 = Release|Any CPU
		{0EC75199-725B-4B20-B180-DF8B546E4028}.Ad-Hoc|Any CPU.Deploy.0 = Release|Any CPU
		{0EC75199-725B-4B20-B180-DF8B546E4028}.Ad-Hoc|ARM.ActiveCfg = Release|Any CPU
		{0EC75199-725B-4B20-B180-DF8B546E4028}.Ad-Hoc|iPhone.ActiveCfg = Release|Any CPU
		{0EC75199-725B-4B20-B180-DF8B546E4028}.Ad-Hoc|iPhoneSimulator.ActiveCfg = Release|Any CPU
		{0EC75199-725B-4B20-B180-DF8B546E4028}.Ad-Hoc|Mixed Platforms.ActiveCfg = Release|Any CPU
		{0EC75199-725B-4B20-B180-DF8B546E4028}.Ad-Hoc|Mixed Platforms.Build.0 = Release|Any CPU
		{0EC75199-725B-4B20-B180-DF8B546E4028}.Ad-Hoc|Mixed Platforms.Deploy.0 = Release|Any CPU
		{0EC75199-725B-4B20-B180-DF8B546E4028}.Ad-Hoc|x86.ActiveCfg = Release|Any CPU
		{0EC75199-725B-4B20-B180-DF8B546E4028}.AppStore|Any CPU.ActiveCfg = Release|Any CPU
		{0EC75199-725B-4B20-B180-DF8B546E4028}.AppStore|Any CPU.Build.0 = Release|Any CPU
		{0EC75199-725B-4B20-B180-DF8B546E4028}.AppStore|Any CPU.Deploy.0 = Release|Any CPU
		{0EC75199-725B-4B20-B180-DF8B546E4028}.AppStore|ARM.ActiveCfg = Release|Any CPU
		{0EC75199-725B-4B20-B180-DF8B546E4028}.AppStore|iPhone.ActiveCfg = Release|Any CPU
		{0EC75199-725B-4B20-B180-DF8B546E4028}.AppStore|iPhoneSimulator.ActiveCfg = Release|Any CPU
		{0EC75199-725B-4B20-B180-DF8B546E4028}.AppStore|Mixed Platforms.ActiveCfg = Release|Any CPU
		{0EC75199-725B-4B20-B180-DF8B546E4028}.AppStore|Mixed Platforms.Build.0 = Release|Any CPU
		{0EC75199-725B-4B20-B180-DF8B546E4028}.AppStore|Mixed Platforms.Deploy.0 = Release|Any CPU
		{0EC75199-725B-4B20-B180-DF8B546E4028}.AppStore|x86.ActiveCfg = Release|Any CPU
		{0EC75199-725B-4B20-B180-DF8B546E4028}.Debug|Any CPU.ActiveCfg = Debug|Any CPU
		{0EC75199-725B-4B20-B180-DF8B546E4028}.Debug|Any CPU.Build.0 = Debug|Any CPU
		{0EC75199-725B-4B20-B180-DF8B546E4028}.Debug|Any CPU.Deploy.0 = Debug|Any CPU
		{0EC75199-725B-4B20-B180-DF8B546E4028}.Debug|ARM.ActiveCfg = Debug|Any CPU
		{0EC75199-725B-4B20-B180-DF8B546E4028}.Debug|iPhone.ActiveCfg = Debug|Any CPU
		{0EC75199-725B-4B20-B180-DF8B546E4028}.Debug|iPhoneSimulator.ActiveCfg = Debug|Any CPU
		{0EC75199-725B-4B20-B180-DF8B546E4028}.Debug|Mixed Platforms.ActiveCfg = Debug|Any CPU
		{0EC75199-725B-4B20-B180-DF8B546E4028}.Debug|Mixed Platforms.Build.0 = Debug|Any CPU
		{0EC75199-725B-4B20-B180-DF8B546E4028}.Debug|Mixed Platforms.Deploy.0 = Debug|Any CPU
		{0EC75199-725B-4B20-B180-DF8B546E4028}.Debug|x86.ActiveCfg = Debug|Any CPU
		{0EC75199-725B-4B20-B180-DF8B546E4028}.Release|Any CPU.ActiveCfg = Release|Any CPU
		{0EC75199-725B-4B20-B180-DF8B546E4028}.Release|Any CPU.Build.0 = Release|Any CPU
		{0EC75199-725B-4B20-B180-DF8B546E4028}.Release|Any CPU.Deploy.0 = Release|Any CPU
		{0EC75199-725B-4B20-B180-DF8B546E4028}.Release|ARM.ActiveCfg = Release|Any CPU
		{0EC75199-725B-4B20-B180-DF8B546E4028}.Release|iPhone.ActiveCfg = Release|Any CPU
		{0EC75199-725B-4B20-B180-DF8B546E4028}.Release|iPhoneSimulator.ActiveCfg = Release|Any CPU
		{0EC75199-725B-4B20-B180-DF8B546E4028}.Release|Mixed Platforms.ActiveCfg = Release|Any CPU
		{0EC75199-725B-4B20-B180-DF8B546E4028}.Release|Mixed Platforms.Build.0 = Release|Any CPU
		{0EC75199-725B-4B20-B180-DF8B546E4028}.Release|Mixed Platforms.Deploy.0 = Release|Any CPU
		{0EC75199-725B-4B20-B180-DF8B546E4028}.Release|x86.ActiveCfg = Release|Any CPU
		{05C5EE07-15A9-4EEA-90F1-B44038DBC54A}.Ad-Hoc|Any CPU.ActiveCfg = Release|Any CPU
		{05C5EE07-15A9-4EEA-90F1-B44038DBC54A}.Ad-Hoc|Any CPU.Build.0 = Release|Any CPU
		{05C5EE07-15A9-4EEA-90F1-B44038DBC54A}.Ad-Hoc|Any CPU.Deploy.0 = Release|Any CPU
		{05C5EE07-15A9-4EEA-90F1-B44038DBC54A}.Ad-Hoc|ARM.ActiveCfg = Release|ARM
		{05C5EE07-15A9-4EEA-90F1-B44038DBC54A}.Ad-Hoc|ARM.Build.0 = Release|ARM
		{05C5EE07-15A9-4EEA-90F1-B44038DBC54A}.Ad-Hoc|ARM.Deploy.0 = Release|ARM
		{05C5EE07-15A9-4EEA-90F1-B44038DBC54A}.Ad-Hoc|iPhone.ActiveCfg = Release|Any CPU
		{05C5EE07-15A9-4EEA-90F1-B44038DBC54A}.Ad-Hoc|iPhoneSimulator.ActiveCfg = Release|Any CPU
		{05C5EE07-15A9-4EEA-90F1-B44038DBC54A}.Ad-Hoc|Mixed Platforms.ActiveCfg = Release|x86
		{05C5EE07-15A9-4EEA-90F1-B44038DBC54A}.Ad-Hoc|Mixed Platforms.Build.0 = Release|x86
		{05C5EE07-15A9-4EEA-90F1-B44038DBC54A}.Ad-Hoc|Mixed Platforms.Deploy.0 = Release|x86
		{05C5EE07-15A9-4EEA-90F1-B44038DBC54A}.Ad-Hoc|x86.ActiveCfg = Release|x86
		{05C5EE07-15A9-4EEA-90F1-B44038DBC54A}.Ad-Hoc|x86.Build.0 = Release|x86
		{05C5EE07-15A9-4EEA-90F1-B44038DBC54A}.Ad-Hoc|x86.Deploy.0 = Release|x86
		{05C5EE07-15A9-4EEA-90F1-B44038DBC54A}.AppStore|Any CPU.ActiveCfg = Release|Any CPU
		{05C5EE07-15A9-4EEA-90F1-B44038DBC54A}.AppStore|Any CPU.Build.0 = Release|Any CPU
		{05C5EE07-15A9-4EEA-90F1-B44038DBC54A}.AppStore|Any CPU.Deploy.0 = Release|Any CPU
		{05C5EE07-15A9-4EEA-90F1-B44038DBC54A}.AppStore|ARM.ActiveCfg = Release|ARM
		{05C5EE07-15A9-4EEA-90F1-B44038DBC54A}.AppStore|ARM.Build.0 = Release|ARM
		{05C5EE07-15A9-4EEA-90F1-B44038DBC54A}.AppStore|ARM.Deploy.0 = Release|ARM
		{05C5EE07-15A9-4EEA-90F1-B44038DBC54A}.AppStore|iPhone.ActiveCfg = Release|Any CPU
		{05C5EE07-15A9-4EEA-90F1-B44038DBC54A}.AppStore|iPhoneSimulator.ActiveCfg = Release|Any CPU
		{05C5EE07-15A9-4EEA-90F1-B44038DBC54A}.AppStore|Mixed Platforms.ActiveCfg = Release|x86
		{05C5EE07-15A9-4EEA-90F1-B44038DBC54A}.AppStore|Mixed Platforms.Build.0 = Release|x86
		{05C5EE07-15A9-4EEA-90F1-B44038DBC54A}.AppStore|Mixed Platforms.Deploy.0 = Release|x86
		{05C5EE07-15A9-4EEA-90F1-B44038DBC54A}.AppStore|x86.ActiveCfg = Release|x86
		{05C5EE07-15A9-4EEA-90F1-B44038DBC54A}.AppStore|x86.Build.0 = Release|x86
		{05C5EE07-15A9-4EEA-90F1-B44038DBC54A}.AppStore|x86.Deploy.0 = Release|x86
		{05C5EE07-15A9-4EEA-90F1-B44038DBC54A}.Debug|Any CPU.ActiveCfg = Debug|Any CPU
		{05C5EE07-15A9-4EEA-90F1-B44038DBC54A}.Debug|Any CPU.Build.0 = Debug|Any CPU
		{05C5EE07-15A9-4EEA-90F1-B44038DBC54A}.Debug|Any CPU.Deploy.0 = Debug|Any CPU
		{05C5EE07-15A9-4EEA-90F1-B44038DBC54A}.Debug|ARM.ActiveCfg = Debug|ARM
		{05C5EE07-15A9-4EEA-90F1-B44038DBC54A}.Debug|ARM.Build.0 = Debug|ARM
		{05C5EE07-15A9-4EEA-90F1-B44038DBC54A}.Debug|ARM.Deploy.0 = Debug|ARM
		{05C5EE07-15A9-4EEA-90F1-B44038DBC54A}.Debug|iPhone.ActiveCfg = Debug|Any CPU
		{05C5EE07-15A9-4EEA-90F1-B44038DBC54A}.Debug|iPhoneSimulator.ActiveCfg = Debug|Any CPU
		{05C5EE07-15A9-4EEA-90F1-B44038DBC54A}.Debug|Mixed Platforms.ActiveCfg = Debug|x86
		{05C5EE07-15A9-4EEA-90F1-B44038DBC54A}.Debug|Mixed Platforms.Build.0 = Debug|x86
		{05C5EE07-15A9-4EEA-90F1-B44038DBC54A}.Debug|Mixed Platforms.Deploy.0 = Debug|x86
		{05C5EE07-15A9-4EEA-90F1-B44038DBC54A}.Debug|x86.ActiveCfg = Debug|x86
		{05C5EE07-15A9-4EEA-90F1-B44038DBC54A}.Debug|x86.Build.0 = Debug|x86
		{05C5EE07-15A9-4EEA-90F1-B44038DBC54A}.Debug|x86.Deploy.0 = Debug|x86
		{05C5EE07-15A9-4EEA-90F1-B44038DBC54A}.Release|Any CPU.ActiveCfg = Release|Any CPU
		{05C5EE07-15A9-4EEA-90F1-B44038DBC54A}.Release|Any CPU.Build.0 = Release|Any CPU
		{05C5EE07-15A9-4EEA-90F1-B44038DBC54A}.Release|Any CPU.Deploy.0 = Release|Any CPU
		{05C5EE07-15A9-4EEA-90F1-B44038DBC54A}.Release|ARM.ActiveCfg = Release|ARM
		{05C5EE07-15A9-4EEA-90F1-B44038DBC54A}.Release|ARM.Build.0 = Release|ARM
		{05C5EE07-15A9-4EEA-90F1-B44038DBC54A}.Release|ARM.Deploy.0 = Release|ARM
		{05C5EE07-15A9-4EEA-90F1-B44038DBC54A}.Release|iPhone.ActiveCfg = Release|Any CPU
		{05C5EE07-15A9-4EEA-90F1-B44038DBC54A}.Release|iPhoneSimulator.ActiveCfg = Release|Any CPU
		{05C5EE07-15A9-4EEA-90F1-B44038DBC54A}.Release|Mixed Platforms.ActiveCfg = Release|x86
		{05C5EE07-15A9-4EEA-90F1-B44038DBC54A}.Release|Mixed Platforms.Build.0 = Release|x86
		{05C5EE07-15A9-4EEA-90F1-B44038DBC54A}.Release|Mixed Platforms.Deploy.0 = Release|x86
		{05C5EE07-15A9-4EEA-90F1-B44038DBC54A}.Release|x86.ActiveCfg = Release|x86
		{05C5EE07-15A9-4EEA-90F1-B44038DBC54A}.Release|x86.Build.0 = Release|x86
		{05C5EE07-15A9-4EEA-90F1-B44038DBC54A}.Release|x86.Deploy.0 = Release|x86
	EndGlobalSection
	GlobalSection(SolutionProperties) = preSolution
		HideSolutionNode = FALSE
	EndGlobalSection
EndGlobal
